
Microsoft Visual Studio Solution File, Format Version 12.00
# Visual Studio 14
VisualStudioVersion = 14.0.24720.0
MinimumVisualStudioVersion = 10.0.40219.1
Project("{FAE04EC0-301F-11D3-BF4B-00C04F79EFBC}") = "InstructureCommit", "InstructureCommit\InstructureCommit.csproj", "{3FDDD2F8-69C4-4A53-9AF6-506F15ECCE3B}"
EndProject
Project("{FAE04EC0-301F-11D3-BF4B-00C04F79EFBC}") = "CourseUnitTest", "UnitTestProject1\CourseUnitTest.csproj", "{80569BBE-D921-4C67-B67E-5B0927EB4DF3}"
EndProject
Global
	GlobalSection(SolutionConfigurationPlatforms) = preSolution
		Debug|Any CPU = Debug|Any CPU
		Release|Any CPU = Release|Any CPU
	EndGlobalSection
	GlobalSection(ProjectConfigurationPlatforms) = postSolution
		{3FDDD2F8-69C4-4A53-9AF6-506F15ECCE3B}.Debug|Any CPU.ActiveCfg = Debug|Any CPU
		{3FDDD2F8-69C4-4A53-9AF6-506F15ECCE3B}.Debug|Any CPU.Build.0 = Debug|Any CPU
		{3FDDD2F8-69C4-4A53-9AF6-506F15ECCE3B}.Release|Any CPU.ActiveCfg = Release|Any CPU
		{3FDDD2F8-69C4-4A53-9AF6-506F15ECCE3B}.Release|Any CPU.Build.0 = Release|Any CPU
		{80569BBE-D921-4C67-B67E-5B0927EB4DF3}.Debug|Any CPU.ActiveCfg = Debug|Any CPU
		{80569BBE-D921-4C67-B67E-5B0927EB4DF3}.Debug|Any CPU.Build.0 = Debug|Any CPU
		{80569BBE-D921-4C67-B67E-5B0927EB4DF3}.Release|Any CPU.ActiveCfg = Release|Any CPU
		{80569BBE-D921-4C67-B67E-5B0927EB4DF3}.Release|Any CPU.Build.0 = Release|Any CPU
	EndGlobalSection
	GlobalSection(SolutionProperties) = preSolution
		HideSolutionNode = FALSE
	EndGlobalSection
EndGlobal
